
Microsoft Visual Studio Solution File, Format Version 12.00
Project("{FAE04EC0-301F-11D3-BF4B-00C04F79EFBC}") = "BBCFinanceAPI", "BBCFinanceAPI\BBCFinanceAPI.csproj", "{079BD0F8-5790-4E30-A49B-E2416D276363}"
EndProject
Global
	GlobalSection(SolutionConfigurationPlatforms) = preSolution
		Debug|Any CPU = Debug|Any CPU
		Release|Any CPU = Release|Any CPU
	EndGlobalSection
	GlobalSection(ProjectConfigurationPlatforms) = postSolution
		{079BD0F8-5790-4E30-A49B-E2416D276363}.Debug|Any CPU.ActiveCfg = Debug|Any CPU
		{079BD0F8-5790-4E30-A49B-E2416D276363}.Debug|Any CPU.Build.0 = Debug|Any CPU
		{079BD0F8-5790-4E30-A49B-E2416D276363}.Release|Any CPU.ActiveCfg = Release|Any CPU
		{079BD0F8-5790-4E30-A49B-E2416D276363}.Release|Any CPU.Build.0 = Release|Any CPU
	EndGlobalSection
EndGlobal
